
Microsoft Visual Studio Solution File, Format Version 12.00
# Visual Studio Version 17
VisualStudioVersion = 17.5.33502.453
MinimumVisualStudioVersion = 10.0.40219.1
Project("{FAE04EC0-301F-11D3-BF4B-00C04F79EFBC}") = "LibraryUI", "LibraryUI\LibraryUI.csproj", "{2619CAA9-BB38-49E0-8C50-447379A2F696}"
EndProject
Global
	GlobalSection(SolutionConfigurationPlatforms) = preSolution
		Debug|Any CPU = Debug|Any CPU
		Release|Any CPU = Release|Any CPU
	EndGlobalSection
	GlobalSection(ProjectConfigurationPlatforms) = postSolution
		{2619CAA9-BB38-49E0-8C50-447379A2F696}.Debug|Any CPU.ActiveCfg = Debug|Any CPU
		{2619CAA9-BB38-49E0-8C50-447379A2F696}.Debug|Any CPU.Build.0 = Debug|Any CPU
		{2619CAA9-BB38-49E0-8C50-447379A2F696}.Release|Any CPU.ActiveCfg = Release|Any CPU
		{2619CAA9-BB38-49E0-8C50-447379A2F696}.Release|Any CPU.Build.0 = Release|Any CPU
	EndGlobalSection
	GlobalSection(SolutionProperties) = preSolution
		HideSolutionNode = FALSE
	EndGlobalSection
	GlobalSection(ExtensibilityGlobals) = postSolution
		SolutionGuid = {3DC03C94-4D04-4CAE-92DC-D94F16CABE38}
	EndGlobalSection
EndGlobal
